
Microsoft Visual Studio Solution File, Format Version 12.00
# Visual Studio Version 16
VisualStudioVersion = 16.0.29123.88
MinimumVisualStudioVersion = 10.0.40219.1
Project("{FAE04EC0-301F-11D3-BF4B-00C04F79EFBC}") = "bitzen", "bitzen\bitzen.csproj", "{7933677C-0FB3-48FA-B359-34CAE0190AAE}"
EndProject
Global
	GlobalSection(SolutionConfigurationPlatforms) = preSolution
		Debug|Any CPU = Debug|Any CPU
		Release|Any CPU = Release|Any CPU
	EndGlobalSection
	GlobalSection(ProjectConfigurationPlatforms) = postSolution
		{7933677C-0FB3-48FA-B359-34CAE0190AAE}.Debug|Any CPU.ActiveCfg = Debug|Any CPU
		{7933677C-0FB3-48FA-B359-34CAE0190AAE}.Debug|Any CPU.Build.0 = Debug|Any CPU
		{7933677C-0FB3-48FA-B359-34CAE0190AAE}.Release|Any CPU.ActiveCfg = Release|Any CPU
		{7933677C-0FB3-48FA-B359-34CAE0190AAE}.Release|Any CPU.Build.0 = Release|Any CPU
	EndGlobalSection
	GlobalSection(SolutionProperties) = preSolution
		HideSolutionNode = FALSE
	EndGlobalSection
	GlobalSection(ExtensibilityGlobals) = postSolution
		SolutionGuid = {871F1D1C-9EB9-4C28-A522-7B410E11D058}
	EndGlobalSection
EndGlobal
